// !$*UTF8*$!
{
	archiveVersion = 1;
	classes = {
	};
	objectVersion = 50;
	objects = {

/* Begin PBXBuildFile section */
		AC68E23824A5321F009DD0D1 /* AppDelegate.swift in Sources */ = {isa = PBXBuildFile; fileRef = AC68E23724A5321F009DD0D1 /* AppDelegate.swift */; };
		AC68E23A24A5321F009DD0D1 /* SceneDelegate.swift in Sources */ = {isa = PBXBuildFile; fileRef = AC68E23924A5321F009DD0D1 /* SceneDelegate.swift */; };
		AC68E23F24A5321F009DD0D1 /* Main.storyboard in Resources */ = {isa = PBXBuildFile; fileRef = AC68E23D24A5321F009DD0D1 /* Main.storyboard */; };
		AC68E24124A53223009DD0D1 /* Assets.xcassets in Resources */ = {isa = PBXBuildFile; fileRef = AC68E24024A53223009DD0D1 /* Assets.xcassets */; };
		AC68E24424A53223009DD0D1 /* LaunchScreen.storyboard in Resources */ = {isa = PBXBuildFile; fileRef = AC68E24224A53223009DD0D1 /* LaunchScreen.storyboard */; };
		AC68E24C24A628AD009DD0D1 /* ShapePreset.swift in Sources */ = {isa = PBXBuildFile; fileRef = AC68E24B24A628AD009DD0D1 /* ShapePreset.swift */; };
		AC68E24E24A62907009DD0D1 /* Cell.swift in Sources */ = {isa = PBXBuildFile; fileRef = AC68E24D24A62907009DD0D1 /* Cell.swift */; };
		AC68E25024A62944009DD0D1 /* PresetCell.swift in Sources */ = {isa = PBXBuildFile; fileRef = AC68E24F24A62944009DD0D1 /* PresetCell.swift */; };
		AC68E25224A629FE009DD0D1 /* Grid.swift in Sources */ = {isa = PBXBuildFile; fileRef = AC68E25124A629FE009DD0D1 /* Grid.swift */; };
		AC68E25424A62B7E009DD0D1 /* Settings.swift in Sources */ = {isa = PBXBuildFile; fileRef = AC68E25324A62B7E009DD0D1 /* Settings.swift */; };
		AC68E25624A62C76009DD0D1 /* GOLViewController.swift in Sources */ = {isa = PBXBuildFile; fileRef = AC68E25524A62C76009DD0D1 /* GOLViewController.swift */; };
		AC68E25824A62CD9009DD0D1 /* SettingsViewController.swift in Sources */ = {isa = PBXBuildFile; fileRef = AC68E25724A62CD9009DD0D1 /* SettingsViewController.swift */; };
/* End PBXBuildFile section */

/* Begin PBXFileReference section */
		AC68E23424A5321F009DD0D1 /* GameOfLife.app */ = {isa = PBXFileReference; explicitFileType = wrapper.application; includeInIndex = 0; path = GameOfLife.app; sourceTree = BUILT_PRODUCTS_DIR; };
		AC68E23724A5321F009DD0D1 /* AppDelegate.swift */ = {isa = PBXFileReference; lastKnownFileType = sourcecode.swift; path = AppDelegate.swift; sourceTree = "<group>"; };
		AC68E23924A5321F009DD0D1 /* SceneDelegate.swift */ = {isa = PBXFileReference; lastKnownFileType = sourcecode.swift; path = SceneDelegate.swift; sourceTree = "<group>"; };
		AC68E23E24A5321F009DD0D1 /* Base */ = {isa = PBXFileReference; lastKnownFileType = file.storyboard; name = Base; path = Base.lproj/Main.storyboard; sourceTree = "<group>"; };
		AC68E24024A53223009DD0D1 /* Assets.xcassets */ = {isa = PBXFileReference; lastKnownFileType = folder.assetcatalog; path = Assets.xcassets; sourceTree = "<group>"; };
		AC68E24324A53223009DD0D1 /* Base */ = {isa = PBXFileReference; lastKnownFileType = file.storyboard; name = Base; path = Base.lproj/LaunchScreen.storyboard; sourceTree = "<group>"; };
		AC68E24524A53223009DD0D1 /* Info.plist */ = {isa = PBXFileReference; lastKnownFileType = text.plist.xml; path = Info.plist; sourceTree = "<group>"; };
		AC68E24B24A628AD009DD0D1 /* ShapePreset.swift */ = {isa = PBXFileReference; lastKnownFileType = sourcecode.swift; path = ShapePreset.swift; sourceTree = "<group>"; };
		AC68E24D24A62907009DD0D1 /* Cell.swift */ = {isa = PBXFileReference; lastKnownFileType = sourcecode.swift; path = Cell.swift; sourceTree = "<group>"; };
		AC68E24F24A62944009DD0D1 /* PresetCell.swift */ = {isa = PBXFileReference; lastKnownFileType = sourcecode.swift; path = PresetCell.swift; sourceTree = "<group>"; };
		AC68E25124A629FE009DD0D1 /* Grid.swift */ = {isa = PBXFileReference; lastKnownFileType = sourcecode.swift; path = Grid.swift; sourceTree = "<group>"; };
		AC68E25324A62B7E009DD0D1 /* Settings.swift */ = {isa = PBXFileReference; lastKnownFileType = sourcecode.swift; path = Settings.swift; sourceTree = "<group>"; };
		AC68E25524A62C76009DD0D1 /* GOLViewController.swift */ = {isa = PBXFileReference; lastKnownFileType = sourcecode.swift; path = GOLViewController.swift; sourceTree = "<group>"; };
		AC68E25724A62CD9009DD0D1 /* SettingsViewController.swift */ = {isa = PBXFileReference; lastKnownFileType = sourcecode.swift; path = SettingsViewController.swift; sourceTree = "<group>"; };
/* End PBXFileReference section */

/* Begin PBXFrameworksBuildPhase section */
		AC68E23124A5321F009DD0D1 /* Frameworks */ = {
			isa = PBXFrameworksBuildPhase;
			buildActionMask = 2147483647;
			files = (
			);
			runOnlyForDeploymentPostprocessing = 0;
		};
/* End PBXFrameworksBuildPhase section */

/* Begin PBXGroup section */
		AC68E22B24A5321F009DD0D1 = {
			isa = PBXGroup;
			children = (
				AC68E23624A5321F009DD0D1 /* GameOfLife */,
				AC68E23524A5321F009DD0D1 /* Products */,
			);
			sourceTree = "<group>";
		};
		AC68E23524A5321F009DD0D1 /* Products */ = {
			isa = PBXGroup;
			children = (
				AC68E23424A5321F009DD0D1 /* GameOfLife.app */,
			);
			name = Products;
			sourceTree = "<group>";
		};
		AC68E23624A5321F009DD0D1 /* GameOfLife */ = {
			isa = PBXGroup;
			children = (
				AC68E23724A5321F009DD0D1 /* AppDelegate.swift */,
				AC68E23924A5321F009DD0D1 /* SceneDelegate.swift */,
				AC68E23D24A5321F009DD0D1 /* Main.storyboard */,
				AC68E24024A53223009DD0D1 /* Assets.xcassets */,
				AC68E24224A53223009DD0D1 /* LaunchScreen.storyboard */,
				AC68E24524A53223009DD0D1 /* Info.plist */,
				AC68E24B24A628AD009DD0D1 /* ShapePreset.swift */,
				AC68E24D24A62907009DD0D1 /* Cell.swift */,
				AC68E24F24A62944009DD0D1 /* PresetCell.swift */,
				AC68E25124A629FE009DD0D1 /* Grid.swift */,
				AC68E25324A62B7E009DD0D1 /* Settings.swift */,
				AC68E25524A62C76009DD0D1 /* GOLViewController.swift */,
				AC68E25724A62CD9009DD0D1 /* SettingsViewController.swift */,
			);
			path = GameOfLife;
			sourceTree = "<group>";
		};
/* End PBXGroup section */

/* Begin PBXNativeTarget section */
		AC68E23324A5321F009DD0D1 /* GameOfLife */ = {
			isa = PBXNativeTarget;
			buildConfigurationList = AC68E24824A53223009DD0D1 /* Build configuration list for PBXNativeTarget "GameOfLife" */;
			buildPhases = (
				AC68E23024A5321F009DD0D1 /* Sources */,
				AC68E23124A5321F009DD0D1 /* Frameworks */,
				AC68E23224A5321F009DD0D1 /* Resources */,
			);
			buildRules = (
			);
			dependencies = (
			);
			name = GameOfLife;
			productName = GameOfLife;
			productReference = AC68E23424A5321F009DD0D1 /* GameOfLife.app */;
			productType = "com.apple.product-type.application";
		};
/* End PBXNativeTarget section */

/* Begin PBXProject section */
		AC68E22C24A5321F009DD0D1 /* Project object */ = {
			isa = PBXProject;
			attributes = {
				LastSwiftUpdateCheck = 1130;
				LastUpgradeCheck = 1130;
				ORGANIZATIONNAME = "Diante Lewis-Jolley";
				TargetAttributes = {
					AC68E23324A5321F009DD0D1 = {
						CreatedOnToolsVersion = 11.3.1;
					};
				};
			};
			buildConfigurationList = AC68E22F24A5321F009DD0D1 /* Build configuration list for PBXProject "GameOfLife" */;
			compatibilityVersion = "Xcode 9.3";
			developmentRegion = en;
			hasScannedForEncodings = 0;
			knownRegions = (
				en,
				Base,
			);
			mainGroup = AC68E22B24A5321F009DD0D1;
			productRefGroup = AC68E23524A5321F009DD0D1 /* Products */;
			projectDirPath = "";
			projectRoot = "";
			targets = (
				AC68E23324A5321F009DD0D1 /* GameOfLife */,
			);
		};
/* End PBXProject section */

/* Begin PBXResourcesBuildPhase section */
		AC68E23224A5321F009DD0D1 /* Resources */ = {
			isa = PBXResourcesBuildPhase;
			buildActionMask = 2147483647;
			files = (
				AC68E24424A53223009DD0D1 /* LaunchScreen.storyboard in Resources */,
				AC68E24124A53223009DD0D1 /* Assets.xcassets in Resources */,
				AC68E23F24A5321F009DD0D1 /* Main.storyboard in Resources */,
			);
			runOnlyForDeploymentPostprocessing = 0;
		};
/* End PBXResourcesBuildPhase section */

/* Begin PBXSourcesBuildPhase section */
		AC68E23024A5321F009DD0D1 /* Sources */ = {
			isa = PBXSourcesBuildPhase;
			buildActionMask = 2147483647;
			files = (
				AC68E25024A62944009DD0D1 /* PresetCell.swift in Sources */,
				AC68E24C24A628AD009DD0D1 /* ShapePreset.swift in Sources */,
				AC68E24E24A62907009DD0D1 /* Cell.swift in Sources */,
				AC68E25624A62C76009DD0D1 /* GOLViewController.swift in Sources */,
				AC68E23824A5321F009DD0D1 /* AppDelegate.swift in Sources */,
				AC68E25424A62B7E009DD0D1 /* Settings.swift in Sources */,
				AC68E23A24A5321F009DD0D1 /* SceneDelegate.swift in Sources */,
				AC68E25224A629FE009DD0D1 /* Grid.swift in Sources */,
				AC68E25824A62CD9009DD0D1 /* SettingsViewController.swift in Sources */,
			);
			runOnlyForDeploymentPostprocessing = 0;
		};
/* End PBXSourcesBuildPhase section */

/* Begin PBXVariantGroup section */
		AC68E23D24A5321F009DD0D1 /* Main.storyboard */ = {
			isa = PBXVariantGroup;
			children = (
				AC68E23E24A5321F009DD0D1 /* Base */,
			);
			name = Main.storyboard;
			sourceTree = "<group>";
		};
		AC68E24224A53223009DD0D1 /* LaunchScreen.storyboard */ = {
			isa = PBXVariantGroup;
			children = (
				AC68E24324A53223009DD0D1 /* Base */,
			);
			name = LaunchScreen.storyboard;
			sourceTree = "<group>";
		};
/* End PBXVariantGroup section */

/* Begin XCBuildConfiguration section */
		AC68E24624A53223009DD0D1 /* Debug */ = {
			isa = XCBuildConfiguration;
			buildSettings = {
				ALWAYS_SEARCH_USER_PATHS = NO;
				CLANG_ANALYZER_NONNULL = YES;
				CLANG_ANALYZER_NUMBER_OBJECT_CONVERSION = YES_AGGRESSIVE;
				CLANG_CXX_LANGUAGE_STANDARD = "gnu++14";
				CLANG_CXX_LIBRARY = "libc++";
				CLANG_ENABLE_MODULES = YES;
				CLANG_ENABLE_OBJC_ARC = YES;
				CLANG_ENABLE_OBJC_WEAK = YES;
				CLANG_WARN_BLOCK_CAPTURE_AUTORELEASING = YES;
				CLANG_WARN_BOOL_CONVERSION = YES;
				CLANG_WARN_COMMA = YES;
				CLANG_WARN_CONSTANT_CONVERSION = YES;
				CLANG_WARN_DEPRECATED_OBJC_IMPLEMENTATIONS = YES;
				CLANG_WARN_DIRECT_OBJC_ISA_USAGE = YES_ERROR;
				CLANG_WARN_DOCUMENTATION_COMMENTS = YES;
				CLANG_WARN_EMPTY_BODY = YES;
				CLANG_WARN_ENUM_CONVERSION = YES;
				CLANG_WARN_INFINITE_RECURSION = YES;
				CLANG_WARN_INT_CONVERSION = YES;
				CLANG_WARN_NON_LITERAL_NULL_CONVERSION = YES;
				CLANG_WARN_OBJC_IMPLICIT_RETAIN_SELF = YES;
				CLANG_WARN_OBJC_LITERAL_CONVERSION = YES;
				CLANG_WARN_OBJC_ROOT_CLASS = YES_ERROR;
				CLANG_WARN_RANGE_LOOP_ANALYSIS = YES;
				CLANG_WARN_STRICT_PROTOTYPES = YES;
				CLANG_WARN_SUSPICIOUS_MOVE = YES;
				CLANG_WARN_UNGUARDED_AVAILABILITY = YES_AGGRESSIVE;
				CLANG_WARN_UNREACHABLE_CODE = YES;
				CLANG_WARN__DUPLICATE_METHOD_MATCH = YES;
				COPY_PHASE_STRIP = NO;
				DEBUG_INFORMATION_FORMAT = dwarf;
				ENABLE_STRICT_OBJC_MSGSEND = YES;
				ENABLE_TESTABILITY = YES;
				GCC_C_LANGUAGE_STANDARD = gnu11;
				GCC_DYNAMIC_NO_PIC = NO;
				GCC_NO_COMMON_BLOCKS = YES;
				GCC_OPTIMIZATION_LEVEL = 0;
				GCC_PREPROCESSOR_DEFINITIONS = (
					"DEBUG=1",
					"$(inherited)",
				);
				GCC_WARN_64_TO_32_BIT_CONVERSION = YES;
				GCC_WARN_ABOUT_RETURN_TYPE = YES_ERROR;
				GCC_WARN_UNDECLARED_SELECTOR = YES;
				GCC_WARN_UNINITIALIZED_AUTOS = YES_AGGRESSIVE;
				GCC_WARN_UNUSED_FUNCTION = YES;
				GCC_WARN_UNUSED_VARIABLE = YES;
				IPHONEOS_DEPLOYMENT_TARGET = 13.2;
				MTL_ENABLE_DEBUG_INFO = INCLUDE_SOURCE;
				MTL_FAST_MATH = YES;
				ONLY_ACTIVE_ARCH = YES;
				SDKROOT = iphoneos;
				SWIFT_ACTIVE_COMPILATION_CONDITIONS = DEBUG;
				SWIFT_OPTIMIZATION_LEVEL = "-Onone";
			};
			name = Debug;
		};
		AC68E24724A53223009DD0D1 /* Release */ = {
			isa = XCBuildConfiguration;
			buildSettings = {
				ALWAYS_SEARCH_USER_PATHS = NO;
				CLANG_ANALYZER_NONNULL = YES;
				CLANG_ANALYZER_NUMBER_OBJECT_CONVERSION = YES_AGGRESSIVE;
				CLANG_CXX_LANGUAGE_STANDARD = "gnu++14";
				CLANG_CXX_LIBRARY = "libc++";
				CLANG_ENABLE_MODULES = YES;
				CLANG_ENABLE_OBJC_ARC = YES;
				CLANG_ENABLE_OBJC_WEAK = YES;
				CLANG_WARN_BLOCK_CAPTURE_AUTORELEASING = YES;
				CLANG_WARN_BOOL_CONVERSION = YES;
				CLANG_WARN_COMMA = YES;
				CLANG_WARN_CONSTANT_CONVERSION = YES;
				CLANG_WARN_DEPRECATED_OBJC_IMPLEMENTATIONS = YES;
				CLANG_WARN_DIRECT_OBJC_ISA_USAGE = YES_ERROR;
				CLANG_WARN_DOCUMENTATION_COMMENTS = YES;
				CLANG_WARN_EMPTY_BODY = YES;
				CLANG_WARN_ENUM_CONVERSION = YES;
				CLANG_WARN_INFINITE_RECURSION = YES;
				CLANG_WARN_INT_CONVERSION = YES;
				CLANG_WARN_NON_LITERAL_NULL_CONVERSION = YES;
				CLANG_WARN_OBJC_IMPLICIT_RETAIN_SELF = YES;
				CLANG_WARN_OBJC_LITERAL_CONVERSION = YES;
				CLANG_WARN_OBJC_ROOT_CLASS = YES_ERROR;
				CLANG_WARN_RANGE_LOOP_ANALYSIS = YES;
				CLANG_WARN_STRICT_PROTOTYPES = YES;
				CLANG_WARN_SUSPICIOUS_MOVE = YES;
				CLANG_WARN_UNGUARDED_AVAILABILITY = YES_AGGRESSIVE;
				CLANG_WARN_UNREACHABLE_CODE = YES;
				CLANG_WARN__DUPLICATE_METHOD_MATCH = YES;
				COPY_PHASE_STRIP = NO;
				DEBUG_INFORMATION_FORMAT = "dwarf-with-dsym";
				ENABLE_NS_ASSERTIONS = NO;
				ENABLE_STRICT_OBJC_MSGSEND = YES;
				GCC_C_LANGUAGE_STANDARD = gnu11;
				GCC_NO_COMMON_BLOCKS = YES;
				GCC_WARN_64_TO_32_BIT_CONVERSION = YES;
				GCC_WARN_ABOUT_RETURN_TYPE = YES_ERROR;
				GCC_WARN_UNDECLARED_SELECTOR = YES;
				GCC_WARN_UNINITIALIZED_AUTOS = YES_AGGRESSIVE;
				GCC_WARN_UNUSED_FUNCTION = YES;
				GCC_WARN_UNUSED_VARIABLE = YES;
				IPHONEOS_DEPLOYMENT_TARGET = 13.2;
				MTL_ENABLE_DEBUG_INFO = NO;
				MTL_FAST_MATH = YES;
				SDKROOT = iphoneos;
				SWIFT_COMPILATION_MODE = wholemodule;
				SWIFT_OPTIMIZATION_LEVEL = "-O";
				VALIDATE_PRODUCT = YES;
			};
			name = Release;
		};
		AC68E24924A53223009DD0D1 /* Debug */ = {
			isa = XCBuildConfiguration;
			buildSettings = {
				ASSETCATALOG_COMPILER_APPICON_NAME = AppIcon;
				CODE_SIGN_STYLE = Automatic;
				DEVELOPMENT_TEAM = TP75B2J23B;
				INFOPLIST_FILE = GameOfLife/Info.plist;
				LD_RUNPATH_SEARCH_PATHS = (
					"$(inherited)",
					"@executable_path/Frameworks",
				);
				PRODUCT_BUNDLE_IDENTIFIER = com.DianteLewisjolley.GameOfLife;
				PRODUCT_NAME = "$(TARGET_NAME)";
				SWIFT_VERSION = 5.0;
				TARGETED_DEVICE_FAMILY = "1,2";
			};
			name = Debug;
		};
		AC68E24A24A53223009DD0D1 /* Release */ = {
			isa = XCBuildConfiguration;
			buildSettings = {
				ASSETCATALOG_COMPILER_APPICON_NAME = AppIcon;
				CODE_SIGN_STYLE = Automatic;
				DEVELOPMENT_TEAM = TP75B2J23B;
				INFOPLIST_FILE = GameOfLife/Info.plist;
				LD_RUNPATH_SEARCH_PATHS = (
					"$(inherited)",
					"@executable_path/Frameworks",
				);
				PRODUCT_BUNDLE_IDENTIFIER = com.DianteLewisjolley.GameOfLife;
				PRODUCT_NAME = "$(TARGET_NAME)";
				SWIFT_VERSION = 5.0;
				TARGETED_DEVICE_FAMILY = "1,2";
			};
			name = Release;
		};
/* End XCBuildConfiguration section */

/* Begin XCConfigurationList section */
		AC68E22F24A5321F009DD0D1 /* Build configuration list for PBXProject "GameOfLife" */ = {
			isa = XCConfigurationList;
			buildConfigurations = (
				AC68E24624A53223009DD0D1 /* Debug */,
				AC68E24724A53223009DD0D1 /* Release */,
			);
			defaultConfigurationIsVisible = 0;
			defaultConfigurationName = Release;
		};
		AC68E24824A53223009DD0D1 /* Build configuration list for PBXNativeTarget "GameOfLife" */ = {
			isa = XCConfigurationList;
			buildConfigurations = (
				AC68E24924A53223009DD0D1 /* Debug */,
				AC68E24A24A53223009DD0D1 /* Release */,
			);
			defaultConfigurationIsVisible = 0;
			defaultConfigurationName = Release;
		};
/* End XCConfigurationList section */
	};
	rootObject = AC68E22C24A5321F009DD0D1 /* Project object */;
}
